
Microsoft Visual Studio Solution File, Format Version 12.00
# Visual Studio Version 16
VisualStudioVersion = 16.0.30128.74
MinimumVisualStudioVersion = 10.0.40219.1
Project("{FAE04EC0-301F-11D3-BF4B-00C04F79EFBC}") = "FormPrac", "FormPrac\FormPrac.csproj", "{8C7D0A19-647E-4ADC-8121-E1F72DD50521}"
EndProject
Global
	GlobalSection(SolutionConfigurationPlatforms) = preSolution
		Debug|Any CPU = Debug|Any CPU
		Release|Any CPU = Release|Any CPU
	EndGlobalSection
	GlobalSection(ProjectConfigurationPlatforms) = postSolution
		{8C7D0A19-647E-4ADC-8121-E1F72DD50521}.Debug|Any CPU.ActiveCfg = Debug|Any CPU
		{8C7D0A19-647E-4ADC-8121-E1F72DD50521}.Debug|Any CPU.Build.0 = Debug|Any CPU
		{8C7D0A19-647E-4ADC-8121-E1F72DD50521}.Release|Any CPU.ActiveCfg = Release|Any CPU
		{8C7D0A19-647E-4ADC-8121-E1F72DD50521}.Release|Any CPU.Build.0 = Release|Any CPU
	EndGlobalSection
	GlobalSection(SolutionProperties) = preSolution
		HideSolutionNode = FALSE
	EndGlobalSection
	GlobalSection(ExtensibilityGlobals) = postSolution
		SolutionGuid = {8169DEA5-DF94-4835-B755-44547971A8CB}
	EndGlobalSection
EndGlobal
